
Microsoft Visual Studio Solution File, Format Version 12.00
# Visual Studio Version 17
VisualStudioVersion = 17.5.002.0
MinimumVisualStudioVersion = 10.0.40219.1
Project("{9A19103F-16F7-4668-BE54-9A1E7A4F7556}") = "prog5", "prog5.csproj", "{BDE558F6-E284-420D-ADFB-B262C67148A2}"
EndProject
Global
	GlobalSection(SolutionConfigurationPlatforms) = preSolution
		Debug|Any CPU = Debug|Any CPU
		Release|Any CPU = Release|Any CPU
	EndGlobalSection
	GlobalSection(ProjectConfigurationPlatforms) = postSolution
		{BDE558F6-E284-420D-ADFB-B262C67148A2}.Debug|Any CPU.ActiveCfg = Debug|Any CPU
		{BDE558F6-E284-420D-ADFB-B262C67148A2}.Debug|Any CPU.Build.0 = Debug|Any CPU
		{BDE558F6-E284-420D-ADFB-B262C67148A2}.Release|Any CPU.ActiveCfg = Release|Any CPU
		{BDE558F6-E284-420D-ADFB-B262C67148A2}.Release|Any CPU.Build.0 = Release|Any CPU
	EndGlobalSection
	GlobalSection(SolutionProperties) = preSolution
		HideSolutionNode = FALSE
	EndGlobalSection
	GlobalSection(ExtensibilityGlobals) = postSolution
		SolutionGuid = {22A3CAE6-A5C7-4C66-ACFA-2CDF41D00F6E}
	EndGlobalSection
EndGlobal
